
Microsoft Visual Studio Solution File, Format Version 12.00
# Visual Studio Version 16
VisualStudioVersion = 16.0.28803.352
MinimumVisualStudioVersion = 10.0.40219.1
Project("{FAE04EC0-301F-11D3-BF4B-00C04F79EFBC}") = "OBD2-Code-Reader", "OBD2-Code-Reader\OBD2-Code-Reader.csproj", "{E3483BCF-7394-4AB1-A4CB-087A4D175133}"
EndProject
Project("{FAE04EC0-301F-11D3-BF4B-00C04F79EFBC}") = "OBD.NET.Universal", "C:\Users\Nick\Desktop\AutoDashboard\OBD.NET.Universal\OBD.NET.Universal.csproj", "{E0EAFF82-C514-4827-8F49-F1928EBA8E73}"
EndProject
Project("{9A19103F-16F7-4668-BE54-9A1E7A4F7556}") = "OBD.NET.Common", "C:\Users\Nick\Desktop\AutoDashboard\OBD.NET.Common\OBD.NET.Common.csproj", "{9A33848F-8909-4139-9206-04CF71C52877}"
EndProject
Global
	GlobalSection(SolutionConfigurationPlatforms) = preSolution
		Debug|Any CPU = Debug|Any CPU
		Debug|ARM = Debug|ARM
		Debug|x64 = Debug|x64
		Debug|x86 = Debug|x86
		Release|Any CPU = Release|Any CPU
		Release|ARM = Release|ARM
		Release|x64 = Release|x64
		Release|x86 = Release|x86
	EndGlobalSection
	GlobalSection(ProjectConfigurationPlatforms) = postSolution
		{E3483BCF-7394-4AB1-A4CB-087A4D175133}.Debug|Any CPU.ActiveCfg = Debug|x86
		{E3483BCF-7394-4AB1-A4CB-087A4D175133}.Debug|ARM.ActiveCfg = Debug|ARM
		{E3483BCF-7394-4AB1-A4CB-087A4D175133}.Debug|ARM.Build.0 = Debug|ARM
		{E3483BCF-7394-4AB1-A4CB-087A4D175133}.Debug|ARM.Deploy.0 = Debug|ARM
		{E3483BCF-7394-4AB1-A4CB-087A4D175133}.Debug|x64.ActiveCfg = Debug|x64
		{E3483BCF-7394-4AB1-A4CB-087A4D175133}.Debug|x64.Build.0 = Debug|x64
		{E3483BCF-7394-4AB1-A4CB-087A4D175133}.Debug|x64.Deploy.0 = Debug|x64
		{E3483BCF-7394-4AB1-A4CB-087A4D175133}.Debug|x86.ActiveCfg = Debug|x86
		{E3483BCF-7394-4AB1-A4CB-087A4D175133}.Debug|x86.Build.0 = Debug|x86
		{E3483BCF-7394-4AB1-A4CB-087A4D175133}.Debug|x86.Deploy.0 = Debug|x86
		{E3483BCF-7394-4AB1-A4CB-087A4D175133}.Release|Any CPU.ActiveCfg = Release|x86
		{E3483BCF-7394-4AB1-A4CB-087A4D175133}.Release|ARM.ActiveCfg = Release|ARM
		{E3483BCF-7394-4AB1-A4CB-087A4D175133}.Release|ARM.Build.0 = Release|ARM
		{E3483BCF-7394-4AB1-A4CB-087A4D175133}.Release|ARM.Deploy.0 = Release|ARM
		{E3483BCF-7394-4AB1-A4CB-087A4D175133}.Release|x64.ActiveCfg = Release|x64
		{E3483BCF-7394-4AB1-A4CB-087A4D175133}.Release|x64.Build.0 = Release|x64
		{E3483BCF-7394-4AB1-A4CB-087A4D175133}.Release|x64.Deploy.0 = Release|x64
		{E3483BCF-7394-4AB1-A4CB-087A4D175133}.Release|x86.ActiveCfg = Release|x86
		{E3483BCF-7394-4AB1-A4CB-087A4D175133}.Release|x86.Build.0 = Release|x86
		{E3483BCF-7394-4AB1-A4CB-087A4D175133}.Release|x86.Deploy.0 = Release|x86
		{E0EAFF82-C514-4827-8F49-F1928EBA8E73}.Debug|Any CPU.ActiveCfg = Debug|Any CPU
		{E0EAFF82-C514-4827-8F49-F1928EBA8E73}.Debug|Any CPU.Build.0 = Debug|Any CPU
		{E0EAFF82-C514-4827-8F49-F1928EBA8E73}.Debug|ARM.ActiveCfg = Debug|ARM
		{E0EAFF82-C514-4827-8F49-F1928EBA8E73}.Debug|ARM.Build.0 = Debug|ARM
		{E0EAFF82-C514-4827-8F49-F1928EBA8E73}.Debug|x64.ActiveCfg = Debug|x64
		{E0EAFF82-C514-4827-8F49-F1928EBA8E73}.Debug|x64.Build.0 = Debug|x64
		{E0EAFF82-C514-4827-8F49-F1928EBA8E73}.Debug|x86.ActiveCfg = Debug|x86
		{E0EAFF82-C514-4827-8F49-F1928EBA8E73}.Debug|x86.Build.0 = Debug|x86
		{E0EAFF82-C514-4827-8F49-F1928EBA8E73}.Release|Any CPU.ActiveCfg = Release|Any CPU
		{E0EAFF82-C514-4827-8F49-F1928EBA8E73}.Release|Any CPU.Build.0 = Release|Any CPU
		{E0EAFF82-C514-4827-8F49-F1928EBA8E73}.Release|ARM.ActiveCfg = Release|ARM
		{E0EAFF82-C514-4827-8F49-F1928EBA8E73}.Release|ARM.Build.0 = Release|ARM
		{E0EAFF82-C514-4827-8F49-F1928EBA8E73}.Release|x64.ActiveCfg = Release|x64
		{E0EAFF82-C514-4827-8F49-F1928EBA8E73}.Release|x64.Build.0 = Release|x64
		{E0EAFF82-C514-4827-8F49-F1928EBA8E73}.Release|x86.ActiveCfg = Release|x86
		{E0EAFF82-C514-4827-8F49-F1928EBA8E73}.Release|x86.Build.0 = Release|x86
		{9A33848F-8909-4139-9206-04CF71C52877}.Debug|Any CPU.ActiveCfg = Debug|Any CPU
		{9A33848F-8909-4139-9206-04CF71C52877}.Debug|Any CPU.Build.0 = Debug|Any CPU
		{9A33848F-8909-4139-9206-04CF71C52877}.Debug|ARM.ActiveCfg = Debug|Any CPU
		{9A33848F-8909-4139-9206-04CF71C52877}.Debug|ARM.Build.0 = Debug|Any CPU
		{9A33848F-8909-4139-9206-04CF71C52877}.Debug|x64.ActiveCfg = Debug|Any CPU
		{9A33848F-8909-4139-9206-04CF71C52877}.Debug|x64.Build.0 = Debug|Any CPU
		{9A33848F-8909-4139-9206-04CF71C52877}.Debug|x86.ActiveCfg = Debug|Any CPU
		{9A33848F-8909-4139-9206-04CF71C52877}.Debug|x86.Build.0 = Debug|Any CPU
		{9A33848F-8909-4139-9206-04CF71C52877}.Release|Any CPU.ActiveCfg = Release|Any CPU
		{9A33848F-8909-4139-9206-04CF71C52877}.Release|Any CPU.Build.0 = Release|Any CPU
		{9A33848F-8909-4139-9206-04CF71C52877}.Release|ARM.ActiveCfg = Release|Any CPU
		{9A33848F-8909-4139-9206-04CF71C52877}.Release|ARM.Build.0 = Release|Any CPU
		{9A33848F-8909-4139-9206-04CF71C52877}.Release|x64.ActiveCfg = Release|Any CPU
		{9A33848F-8909-4139-9206-04CF71C52877}.Release|x64.Build.0 = Release|Any CPU
		{9A33848F-8909-4139-9206-04CF71C52877}.Release|x86.ActiveCfg = Release|Any CPU
		{9A33848F-8909-4139-9206-04CF71C52877}.Release|x86.Build.0 = Release|Any CPU
	EndGlobalSection
	GlobalSection(SolutionProperties) = preSolution
		HideSolutionNode = FALSE
	EndGlobalSection
	GlobalSection(ExtensibilityGlobals) = postSolution
		SolutionGuid = {1867FB5D-7B72-4F6C-BD26-ABE1A36D1FCE}
	EndGlobalSection
EndGlobal
